// !$*UTF8*$!
{
	archiveVersion = 1;
	classes = {
	};
	objectVersion = 46;
	objects = {

/* Begin PBXBuildFile section */
		740060AB1D6F9B5A00EFF1BA /* main.m in Sources */ = {isa = PBXBuildFile; fileRef = 740060AA1D6F9B5A00EFF1BA /* main.m */; };
		740060AE1D6F9B5A00EFF1BA /* AppDelegate.m in Sources */ = {isa = PBXBuildFile; fileRef = 740060AD1D6F9B5A00EFF1BA /* AppDelegate.m */; };
		740060B11D6F9B5A00EFF1BA /* ViewController.m in Sources */ = {isa = PBXBuildFile; fileRef = 740060B01D6F9B5A00EFF1BA /* ViewController.m */; };
		740060B41D6F9B5A00EFF1BA /* Main.storyboard in Resources */ = {isa = PBXBuildFile; fileRef = 740060B21D6F9B5A00EFF1BA /* Main.storyboard */; };
		740060B61D6F9B5A00EFF1BA /* Assets.xcassets in Resources */ = {isa = PBXBuildFile; fileRef = 740060B51D6F9B5A00EFF1BA /* Assets.xcassets */; };
		740060B91D6F9B5A00EFF1BA /* LaunchScreen.storyboard in Resources */ = {isa = PBXBuildFile; fileRef = 740060B71D6F9B5A00EFF1BA /* LaunchScreen.storyboard */; };
		740060C41D6F9B5B00EFF1BA /* CalculatorAppTests.m in Sources */ = {isa = PBXBuildFile; fileRef = 740060C31D6F9B5B00EFF1BA /* CalculatorAppTests.m */; };
		740060CF1D6F9B5B00EFF1BA /* CalculatorAppUITests.m in Sources */ = {isa = PBXBuildFile; fileRef = 740060CE1D6F9B5B00EFF1BA /* CalculatorAppUITests.m */; };
/* End PBXBuildFile section */

/* Begin PBXContainerItemProxy section */
		740060C01D6F9B5B00EFF1BA /* PBXContainerItemProxy */ = {
			isa = PBXContainerItemProxy;
			containerPortal = 7400609E1D6F9B5A00EFF1BA /* Project object */;
			proxyType = 1;
			remoteGlobalIDString = 740060A51D6F9B5A00EFF1BA;
			remoteInfo = CalculatorApp;
		};
		740060CB1D6F9B5B00EFF1BA /* PBXContainerItemProxy */ = {
			isa = PBXContainerItemProxy;
			containerPortal = 7400609E1D6F9B5A00EFF1BA /* Project object */;
			proxyType = 1;
			remoteGlobalIDString = 740060A51D6F9B5A00EFF1BA;
			remoteInfo = CalculatorApp;
		};
/* End PBXContainerItemProxy section */

/* Begin PBXFileReference section */
		740060A61D6F9B5A00EFF1BA /* CalculatorApp.app */ = {isa = PBXFileReference; explicitFileType = wrapper.application; includeInIndex = 0; path = CalculatorApp.app; sourceTree = BUILT_PRODUCTS_DIR; };
		740060AA1D6F9B5A00EFF1BA /* main.m */ = {isa = PBXFileReference; lastKnownFileType = sourcecode.c.objc; path = main.m; sourceTree = "<group>"; };
		740060AC1D6F9B5A00EFF1BA /* AppDelegate.h */ = {isa = PBXFileReference; lastKnownFileType = sourcecode.c.h; path = AppDelegate.h; sourceTree = "<group>"; };
		740060AD1D6F9B5A00EFF1BA /* AppDelegate.m */ = {isa = PBXFileReference; lastKnownFileType = sourcecode.c.objc; path = AppDelegate.m; sourceTree = "<group>"; };
		740060AF1D6F9B5A00EFF1BA /* ViewController.h */ = {isa = PBXFileReference; lastKnownFileType = sourcecode.c.h; path = ViewController.h; sourceTree = "<group>"; };
		740060B01D6F9B5A00EFF1BA /* ViewController.m */ = {isa = PBXFileReference; lastKnownFileType = sourcecode.c.objc; path = ViewController.m; sourceTree = "<group>"; };
		740060B31D6F9B5A00EFF1BA /* Base */ = {isa = PBXFileReference; lastKnownFileType = file.storyboard; name = Base; path = Base.lproj/Main.storyboard; sourceTree = "<group>"; };
		740060B51D6F9B5A00EFF1BA /* Assets.xcassets */ = {isa = PBXFileReference; lastKnownFileType = folder.assetcatalog; path = Assets.xcassets; sourceTree = "<group>"; };
		740060B81D6F9B5A00EFF1BA /* Base */ = {isa = PBXFileReference; lastKnownFileType = file.storyboard; name = Base; path = Base.lproj/LaunchScreen.storyboard; sourceTree = "<group>"; };
		740060BA1D6F9B5A00EFF1BA /* Info.plist */ = {isa = PBXFileReference; lastKnownFileType = text.plist.xml; path = Info.plist; sourceTree = "<group>"; };
		740060BF1D6F9B5B00EFF1BA /* CalculatorAppTests.xctest */ = {isa = PBXFileReference; explicitFileType = wrapper.cfbundle; includeInIndex = 0; path = CalculatorAppTests.xctest; sourceTree = BUILT_PRODUCTS_DIR; };
		740060C31D6F9B5B00EFF1BA /* CalculatorAppTests.m */ = {isa = PBXFileReference; lastKnownFileType = sourcecode.c.objc; path = CalculatorAppTests.m; sourceTree = "<group>"; };
		740060C51D6F9B5B00EFF1BA /* Info.plist */ = {isa = PBXFileReference; lastKnownFileType = text.plist.xml; path = Info.plist; sourceTree = "<group>"; };
		740060CA1D6F9B5B00EFF1BA /* CalculatorAppUITests.xctest */ = {isa = PBXFileReference; explicitFileType = wrapper.cfbundle; includeInIndex = 0; path = CalculatorAppUITests.xctest; sourceTree = BUILT_PRODUCTS_DIR; };
		740060CE1D6F9B5B00EFF1BA /* CalculatorAppUITests.m */ = {isa = PBXFileReference; lastKnownFileType = sourcecode.c.objc; path = CalculatorAppUITests.m; sourceTree = "<group>"; };
		740060D01D6F9B5B00EFF1BA /* Info.plist */ = {isa = PBXFileReference; lastKnownFileType = text.plist.xml; path = Info.plist; sourceTree = "<group>"; };
/* End PBXFileReference section */

/* Begin PBXFrameworksBuildPhase section */
		740060A31D6F9B5A00EFF1BA /* Frameworks */ = {
			isa = PBXFrameworksBuildPhase;
			buildActionMask = 2147483647;
			files = (
			);
			runOnlyForDeploymentPostprocessing = 0;
		};
		740060BC1D6F9B5B00EFF1BA /* Frameworks */ = {
			isa = PBXFrameworksBuildPhase;
			buildActionMask = 2147483647;
			files = (
			);
			runOnlyForDeploymentPostprocessing = 0;
		};
		740060C71D6F9B5B00EFF1BA /* Frameworks */ = {
			isa = PBXFrameworksBuildPhase;
			buildActionMask = 2147483647;
			files = (
			);
			runOnlyForDeploymentPostprocessing = 0;
		};
/* End PBXFrameworksBuildPhase section */

/* Begin PBXGroup section */
		7400609D1D6F9B5A00EFF1BA = {
			isa = PBXGroup;
			children = (
				740060A81D6F9B5A00EFF1BA /* CalculatorApp */,
				740060C21D6F9B5B00EFF1BA /* CalculatorAppTests */,
				740060CD1D6F9B5B00EFF1BA /* CalculatorAppUITests */,
				740060A71D6F9B5A00EFF1BA /* Products */,
			);
			sourceTree = "<group>";
		};
		740060A71D6F9B5A00EFF1BA /* Products */ = {
			isa = PBXGroup;
			children = (
				740060A61D6F9B5A00EFF1BA /* CalculatorApp.app */,
				740060BF1D6F9B5B00EFF1BA /* CalculatorAppTests.xctest */,
				740060CA1D6F9B5B00EFF1BA /* CalculatorAppUITests.xctest */,
			);
			name = Products;
			sourceTree = "<group>";
		};
		740060A81D6F9B5A00EFF1BA /* CalculatorApp */ = {
			isa = PBXGroup;
			children = (
				740060AC1D6F9B5A00EFF1BA /* AppDelegate.h */,
				740060AD1D6F9B5A00EFF1BA /* AppDelegate.m */,
				740060AF1D6F9B5A00EFF1BA /* ViewController.h */,
				740060B01D6F9B5A00EFF1BA /* ViewController.m */,
				740060B21D6F9B5A00EFF1BA /* Main.storyboard */,
				740060B51D6F9B5A00EFF1BA /* Assets.xcassets */,
				740060B71D6F9B5A00EFF1BA /* LaunchScreen.storyboard */,
				740060BA1D6F9B5A00EFF1BA /* Info.plist */,
				740060A91D6F9B5A00EFF1BA /* Supporting Files */,
			);
			path = CalculatorApp;
			sourceTree = "<group>";
		};
		740060A91D6F9B5A00EFF1BA /* Supporting Files */ = {
			isa = PBXGroup;
			children = (
				740060AA1D6F9B5A00EFF1BA /* main.m */,
			);
			name = "Supporting Files";
			sourceTree = "<group>";
		};
		740060C21D6F9B5B00EFF1BA /* CalculatorAppTests */ = {
			isa = PBXGroup;
			children = (
				740060C31D6F9B5B00EFF1BA /* CalculatorAppTests.m */,
				740060C51D6F9B5B00EFF1BA /* Info.plist */,
			);
			path = CalculatorAppTests;
			sourceTree = "<group>";
		};
		740060CD1D6F9B5B00EFF1BA /* CalculatorAppUITests */ = {
			isa = PBXGroup;
			children = (
				740060CE1D6F9B5B00EFF1BA /* CalculatorAppUITests.m */,
				740060D01D6F9B5B00EFF1BA /* Info.plist */,
			);
			path = CalculatorAppUITests;
			sourceTree = "<group>";
		};
/* End PBXGroup section */

/* Begin PBXNativeTarget section */
		740060A51D6F9B5A00EFF1BA /* CalculatorApp */ = {
			isa = PBXNativeTarget;
			buildConfigurationList = 740060D31D6F9B5B00EFF1BA /* Build configuration list for PBXNativeTarget "CalculatorApp" */;
			buildPhases = (
				740060A21D6F9B5A00EFF1BA /* Sources */,
				740060A31D6F9B5A00EFF1BA /* Frameworks */,
				740060A41D6F9B5A00EFF1BA /* Resources */,
			);
			buildRules = (
			);
			dependencies = (
			);
			name = CalculatorApp;
			productName = CalculatorApp;
			productReference = 740060A61D6F9B5A00EFF1BA /* CalculatorApp.app */;
			productType = "com.apple.product-type.application";
		};
		740060BE1D6F9B5B00EFF1BA /* CalculatorAppTests */ = {
			isa = PBXNativeTarget;
			buildConfigurationList = 740060D61D6F9B5B00EFF1BA /* Build configuration list for PBXNativeTarget "CalculatorAppTests" */;
			buildPhases = (
				740060BB1D6F9B5B00EFF1BA /* Sources */,
				740060BC1D6F9B5B00EFF1BA /* Frameworks */,
				740060BD1D6F9B5B00EFF1BA /* Resources */,
			);
			buildRules = (
			);
			dependencies = (
				740060C11D6F9B5B00EFF1BA /* PBXTargetDependency */,
			);
			name = CalculatorAppTests;
			productName = CalculatorAppTests;
			productReference = 740060BF1D6F9B5B00EFF1BA /* CalculatorAppTests.xctest */;
			productType = "com.apple.product-type.bundle.unit-test";
		};
		740060C91D6F9B5B00EFF1BA /* CalculatorAppUITests */ = {
			isa = PBXNativeTarget;
			buildConfigurationList = 740060D91D6F9B5B00EFF1BA /* Build configuration list for PBXNativeTarget "CalculatorAppUITests" */;
			buildPhases = (
				740060C61D6F9B5B00EFF1BA /* Sources */,
				740060C71D6F9B5B00EFF1BA /* Frameworks */,
				740060C81D6F9B5B00EFF1BA /* Resources */,
			);
			buildRules = (
			);
			dependencies = (
				740060CC1D6F9B5B00EFF1BA /* PBXTargetDependency */,
			);
			name = CalculatorAppUITests;
			productName = CalculatorAppUITests;
			productReference = 740060CA1D6F9B5B00EFF1BA /* CalculatorAppUITests.xctest */;
			productType = "com.apple.product-type.bundle.ui-testing";
		};
/* End PBXNativeTarget section */

/* Begin PBXProject section */
		7400609E1D6F9B5A00EFF1BA /* Project object */ = {
			isa = PBXProject;
			attributes = {
				LastUpgradeCheck = 0800;
				ORGANIZATIONNAME = "Princess Sampson";
				TargetAttributes = {
					740060A51D6F9B5A00EFF1BA = {
						CreatedOnToolsVersion = 8.0;
						ProvisioningStyle = Automatic;
					};
					740060BE1D6F9B5B00EFF1BA = {
						CreatedOnToolsVersion = 8.0;
						ProvisioningStyle = Automatic;
						TestTargetID = 740060A51D6F9B5A00EFF1BA;
					};
					740060C91D6F9B5B00EFF1BA = {
						CreatedOnToolsVersion = 8.0;
						ProvisioningStyle = Automatic;
						TestTargetID = 740060A51D6F9B5A00EFF1BA;
					};
				};
			};
			buildConfigurationList = 740060A11D6F9B5A00EFF1BA /* Build configuration list for PBXProject "CalculatorApp" */;
			compatibilityVersion = "Xcode 3.2";
			developmentRegion = English;
			hasScannedForEncodings = 0;
			knownRegions = (
				en,
				Base,
			);
			mainGroup = 7400609D1D6F9B5A00EFF1BA;
			productRefGroup = 740060A71D6F9B5A00EFF1BA /* Products */;
			projectDirPath = "";
			projectRoot = "";
			targets = (
				740060A51D6F9B5A00EFF1BA /* CalculatorApp */,
				740060BE1D6F9B5B00EFF1BA /* CalculatorAppTests */,
				740060C91D6F9B5B00EFF1BA /* CalculatorAppUITests */,
			);
		};
/* End PBXProject section */

/* Begin PBXResourcesBuildPhase section */
		740060A41D6F9B5A00EFF1BA /* Resources */ = {
			isa = PBXResourcesBuildPhase;
			buildActionMask = 2147483647;
			files = (
				740060B91D6F9B5A00EFF1BA /* LaunchScreen.storyboard in Resources */,
				740060B61D6F9B5A00EFF1BA /* Assets.xcassets in Resources */,
				740060B41D6F9B5A00EFF1BA /* Main.storyboard in Resources */,
			);
			runOnlyForDeploymentPostprocessing = 0;
		};
		740060BD1D6F9B5B00EFF1BA /* Resources */ = {
			isa = PBXResourcesBuildPhase;
			buildActionMask = 2147483647;
			files = (
			);
			runOnlyForDeploymentPostprocessing = 0;
		};
		740060C81D6F9B5B00EFF1BA /* Resources */ = {
			isa = PBXResourcesBuildPhase;
			buildActionMask = 2147483647;
			files = (
			);
			runOnlyForDeploymentPostprocessing = 0;
		};
/* End PBXResourcesBuildPhase section */

/* Begin PBXSourcesBuildPhase section */
		740060A21D6F9B5A00EFF1BA /* Sources */ = {
			isa = PBXSourcesBuildPhase;
			buildActionMask = 2147483647;
			files = (
				740060B11D6F9B5A00EFF1BA /* ViewController.m in Sources */,
				740060AE1D6F9B5A00EFF1BA /* AppDelegate.m in Sources */,
				740060AB1D6F9B5A00EFF1BA /* main.m in Sources */,
			);
			runOnlyForDeploymentPostprocessing = 0;
		};
		740060BB1D6F9B5B00EFF1BA /* Sources */ = {
			isa = PBXSourcesBuildPhase;
			buildActionMask = 2147483647;
			files = (
				740060C41D6F9B5B00EFF1BA /* CalculatorAppTests.m in Sources */,
			);
			runOnlyForDeploymentPostprocessing = 0;
		};
		740060C61D6F9B5B00EFF1BA /* Sources */ = {
			isa = PBXSourcesBuildPhase;
			buildActionMask = 2147483647;
			files = (
				740060CF1D6F9B5B00EFF1BA /* CalculatorAppUITests.m in Sources */,
			);
			runOnlyForDeploymentPostprocessing = 0;
		};
/* End PBXSourcesBuildPhase section */

/* Begin PBXTargetDependency section */
		740060C11D6F9B5B00EFF1BA /* PBXTargetDependency */ = {
			isa = PBXTargetDependency;
			target = 740060A51D6F9B5A00EFF1BA /* CalculatorApp */;
			targetProxy = 740060C01D6F9B5B00EFF1BA /* PBXContainerItemProxy */;
		};
		740060CC1D6F9B5B00EFF1BA /* PBXTargetDependency */ = {
			isa = PBXTargetDependency;
			target = 740060A51D6F9B5A00EFF1BA /* CalculatorApp */;
			targetProxy = 740060CB1D6F9B5B00EFF1BA /* PBXContainerItemProxy */;
		};
/* End PBXTargetDependency section */

/* Begin PBXVariantGroup section */
		740060B21D6F9B5A00EFF1BA /* Main.storyboard */ = {
			isa = PBXVariantGroup;
			children = (
				740060B31D6F9B5A00EFF1BA /* Base */,
			);
			name = Main.storyboard;
			sourceTree = "<group>";
		};
		740060B71D6F9B5A00EFF1BA /* LaunchScreen.storyboard */ = {
			isa = PBXVariantGroup;
			children = (
				740060B81D6F9B5A00EFF1BA /* Base */,
			);
			name = LaunchScreen.storyboard;
			sourceTree = "<group>";
		};
/* End PBXVariantGroup section */

/* Begin XCBuildConfiguration section */
		740060D11D6F9B5B00EFF1BA /* Debug */ = {
			isa = XCBuildConfiguration;
			buildSettings = {
				ALWAYS_SEARCH_USER_PATHS = NO;
				CLANG_ANALYZER_NONNULL = YES;
				CLANG_CXX_LANGUAGE_STANDARD = "gnu++0x";
				CLANG_CXX_LIBRARY = "libc++";
				CLANG_ENABLE_MODULES = YES;
				CLANG_ENABLE_OBJC_ARC = YES;
				CLANG_WARN_BOOL_CONVERSION = YES;
				CLANG_WARN_CONSTANT_CONVERSION = YES;
				CLANG_WARN_DIRECT_OBJC_ISA_USAGE = YES_ERROR;
				CLANG_WARN_DOCUMENTATION_COMMENTS = YES;
				CLANG_WARN_EMPTY_BODY = YES;
				CLANG_WARN_ENUM_CONVERSION = YES;
				CLANG_WARN_INFINITE_RECURSION = YES;
				CLANG_WARN_INT_CONVERSION = YES;
				CLANG_WARN_OBJC_ROOT_CLASS = YES_ERROR;
				CLANG_WARN_SUSPICIOUS_MOVES = YES;
				CLANG_WARN_UNREACHABLE_CODE = YES;
				CLANG_WARN__DUPLICATE_METHOD_MATCH = YES;
				"CODE_SIGN_IDENTITY[sdk=iphoneos*]" = "iPhone Developer";
				COPY_PHASE_STRIP = NO;
				DEBUG_INFORMATION_FORMAT = dwarf;
				ENABLE_STRICT_OBJC_MSGSEND = YES;
				ENABLE_TESTABILITY = YES;
				GCC_C_LANGUAGE_STANDARD = gnu99;
				GCC_DYNAMIC_NO_PIC = NO;
				GCC_NO_COMMON_BLOCKS = YES;
				GCC_OPTIMIZATION_LEVEL = 0;
				GCC_PREPROCESSOR_DEFINITIONS = (
					"DEBUG=1",
					"$(inherited)",
				);
				GCC_WARN_64_TO_32_BIT_CONVERSION = YES;
				GCC_WARN_ABOUT_RETURN_TYPE = YES_ERROR;
				GCC_WARN_UNDECLARED_SELECTOR = YES;
				GCC_WARN_UNINITIALIZED_AUTOS = YES_AGGRESSIVE;
				GCC_WARN_UNUSED_FUNCTION = YES;
				GCC_WARN_UNUSED_VARIABLE = YES;
				IPHONEOS_DEPLOYMENT_TARGET = 10.0;
				MTL_ENABLE_DEBUG_INFO = YES;
				ONLY_ACTIVE_ARCH = YES;
				SDKROOT = iphoneos;
			};
			name = Debug;
		};
		740060D21D6F9B5B00EFF1BA /* Release */ = {
			isa = XCBuildConfiguration;
			buildSettings = {
				ALWAYS_SEARCH_USER_PATHS = NO;
				CLANG_ANALYZER_NONNULL = YES;
				CLANG_CXX_LANGUAGE_STANDARD = "gnu++0x";
				CLANG_CXX_LIBRARY = "libc++";
				CLANG_ENABLE_MODULES = YES;
				CLANG_ENABLE_OBJC_ARC = YES;
				CLANG_WARN_BOOL_CONVERSION = YES;
				CLANG_WARN_CONSTANT_CONVERSION = YES;
				CLANG_WARN_DIRECT_OBJC_ISA_USAGE = YES_ERROR;
				CLANG_WARN_DOCUMENTATION_COMMENTS = YES;
				CLANG_WARN_EMPTY_BODY = YES;
				CLANG_WARN_ENUM_CONVERSION = YES;
				CLANG_WARN_INFINITE_RECURSION = YES;
				CLANG_WARN_INT_CONVERSION = YES;
				CLANG_WARN_OBJC_ROOT_CLASS = YES_ERROR;
				CLANG_WARN_SUSPICIOUS_MOVES = YES;
				CLANG_WARN_UNREACHABLE_CODE = YES;
				CLANG_WARN__DUPLICATE_METHOD_MATCH = YES;
				"CODE_SIGN_IDENTITY[sdk=iphoneos*]" = "iPhone Developer";
				COPY_PHASE_STRIP = NO;
				DEBUG_INFORMATION_FORMAT = "dwarf-with-dsym";
				ENABLE_NS_ASSERTIONS = NO;
				ENABLE_STRICT_OBJC_MSGSEND = YES;
				GCC_C_LANGUAGE_STANDARD = gnu99;
				GCC_NO_COMMON_BLOCKS = YES;
				GCC_WARN_64_TO_32_BIT_CONVERSION = YES;
				GCC_WARN_ABOUT_RETURN_TYPE = YES_ERROR;
				GCC_WARN_UNDECLARED_SELECTOR = YES;
				GCC_WARN_UNINITIALIZED_AUTOS = YES_AGGRESSIVE;
				GCC_WARN_UNUSED_FUNCTION = YES;
				GCC_WARN_UNUSED_VARIABLE = YES;
				IPHONEOS_DEPLOYMENT_TARGET = 10.0;
				MTL_ENABLE_DEBUG_INFO = NO;
				SDKROOT = iphoneos;
				VALIDATE_PRODUCT = YES;
			};
			name = Release;
		};
		740060D41D6F9B5B00EFF1BA /* Debug */ = {
			isa = XCBuildConfiguration;
			buildSettings = {
				ASSETCATALOG_COMPILER_APPICON_NAME = AppIcon;
				INFOPLIST_FILE = CalculatorApp/Info.plist;
				LD_RUNPATH_SEARCH_PATHS = "$(inherited) @executable_path/Frameworks";
				PRODUCT_BUNDLE_IDENTIFIER = com.psamp.CalculatorApp;
				PRODUCT_NAME = "$(TARGET_NAME)";
			};
			name = Debug;
		};
		740060D51D6F9B5B00EFF1BA /* Release */ = {
			isa = XCBuildConfiguration;
			buildSettings = {
				ASSETCATALOG_COMPILER_APPICON_NAME = AppIcon;
				INFOPLIST_FILE = CalculatorApp/Info.plist;
				LD_RUNPATH_SEARCH_PATHS = "$(inherited) @executable_path/Frameworks";
				PRODUCT_BUNDLE_IDENTIFIER = com.psamp.CalculatorApp;
				PRODUCT_NAME = "$(TARGET_NAME)";
			};
			name = Release;
		};
		740060D71D6F9B5B00EFF1BA /* Debug */ = {
			isa = XCBuildConfiguration;
			buildSettings = {
				BUNDLE_LOADER = "$(TEST_HOST)";
				INFOPLIST_FILE = CalculatorAppTests/Info.plist;
				LD_RUNPATH_SEARCH_PATHS = "$(inherited) @executable_path/Frameworks @loader_path/Frameworks";
				PRODUCT_BUNDLE_IDENTIFIER = com.psamp.CalculatorAppTests;
				PRODUCT_NAME = "$(TARGET_NAME)";
				TEST_HOST = "$(BUILT_PRODUCTS_DIR)/CalculatorApp.app/CalculatorApp";
			};
			name = Debug;
		};
		740060D81D6F9B5B00EFF1BA /* Release */ = {
			isa = XCBuildConfiguration;
			buildSettings = {
				BUNDLE_LOADER = "$(TEST_HOST)";
				INFOPLIST_FILE = CalculatorAppTests/Info.plist;
				LD_RUNPATH_SEARCH_PATHS = "$(inherited) @executable_path/Frameworks @loader_path/Frameworks";
				PRODUCT_BUNDLE_IDENTIFIER = com.psamp.CalculatorAppTests;
				PRODUCT_NAME = "$(TARGET_NAME)";
				TEST_HOST = "$(BUILT_PRODUCTS_DIR)/CalculatorApp.app/CalculatorApp";
			};
			name = Release;
		};
		740060DA1D6F9B5B00EFF1BA /* Debug */ = {
			isa = XCBuildConfiguration;
			buildSettings = {
				INFOPLIST_FILE = CalculatorAppUITests/Info.plist;
				LD_RUNPATH_SEARCH_PATHS = "$(inherited) @executable_path/Frameworks @loader_path/Frameworks";
				PRODUCT_BUNDLE_IDENTIFIER = com.psamp.CalculatorAppUITests;
				PRODUCT_NAME = "$(TARGET_NAME)";
				TEST_TARGET_NAME = CalculatorApp;
			};
			name = Debug;
		};
		740060DB1D6F9B5B00EFF1BA /* Release */ = {
			isa = XCBuildConfiguration;
			buildSettings = {
				INFOPLIST_FILE = CalculatorAppUITests/Info.plist;
				LD_RUNPATH_SEARCH_PATHS = "$(inherited) @executable_path/Frameworks @loader_path/Frameworks";
				PRODUCT_BUNDLE_IDENTIFIER = com.psamp.CalculatorAppUITests;
				PRODUCT_NAME = "$(TARGET_NAME)";
				TEST_TARGET_NAME = CalculatorApp;
			};
			name = Release;
		};
/* End XCBuildConfiguration section */

/* Begin XCConfigurationList section */
		740060A11D6F9B5A00EFF1BA /* Build configuration list for PBXProject "CalculatorApp" */ = {
			isa = XCConfigurationList;
			buildConfigurations = (
				740060D11D6F9B5B00EFF1BA /* Debug */,
				740060D21D6F9B5B00EFF1BA /* Release */,
			);
			defaultConfigurationIsVisible = 0;
			defaultConfigurationName = Release;
		};
		740060D31D6F9B5B00EFF1BA /* Build configuration list for PBXNativeTarget "CalculatorApp" */ = {
			isa = XCConfigurationList;
			buildConfigurations = (
				740060D41D6F9B5B00EFF1BA /* Debug */,
				740060D51D6F9B5B00EFF1BA /* Release */,
			);
			defaultConfigurationIsVisible = 0;
			defaultConfigurationName = Release;
		};
		740060D61D6F9B5B00EFF1BA /* Build configuration list for PBXNativeTarget "CalculatorAppTests" */ = {
			isa = XCConfigurationList;
			buildConfigurations = (
				740060D71D6F9B5B00EFF1BA /* Debug */,
				740060D81D6F9B5B00EFF1BA /* Release */,
			);
			defaultConfigurationIsVisible = 0;
			defaultConfigurationName = Release;
		};
		740060D91D6F9B5B00EFF1BA /* Build configuration list for PBXNativeTarget "CalculatorAppUITests" */ = {
			isa = XCConfigurationList;
			buildConfigurations = (
				740060DA1D6F9B5B00EFF1BA /* Debug */,
				740060DB1D6F9B5B00EFF1BA /* Release */,
			);
			defaultConfigurationIsVisible = 0;
			defaultConfigurationName = Release;
		};
/* End XCConfigurationList section */
	};
	rootObject = 7400609E1D6F9B5A00EFF1BA /* Project object */;
}
